{
  "lockfile_version": "1",
  "packages": {
    "libbitcoin-explorer@latest": {
      "last_modified": "2024-04-19T21:36:04Z",
      "resolved": "github:NixOS/nixpkgs/92d295f588631b0db2da509f381b4fb1e74173c5#libbitcoin-explorer",
      "source": "devbox-search",
      "version": "3.8.0",
      "systems": {
        "aarch64-darwin": {
          "outputs": [
            {
              "name": "out",
              "path": "/nix/store/hvgx97wa41grhyi7rsw03nmpbzdr5jab-libbitcoin-explorer-3.8.0",
              "default": true
            }
          ],
          "store_path": "/nix/store/hvgx97wa41grhyi7rsw03nmpbzdr5jab-libbitcoin-explorer-3.8.0"
        },
        "aarch64-linux": {
          "outputs": [
            {
              "name": "out",
              "path": "/nix/store/z57nlh45ikf55k1wj4dcl8fa12dh5c86-libbitcoin-explorer-3.8.0",
              "default": true
            }
          ],
          "store_path": "/nix/store/z57nlh45ikf55k1wj4dcl8fa12dh5c86-libbitcoin-explorer-3.8.0"
        },
        "x86_64-darwin": {
          "outputs": [
            {
              "name": "out",
              "path": "/nix/store/gy18jsbpzjk83r8vx1dj4awbdsb5rncd-libbitcoin-explorer-3.8.0",
              "default": true
            }
          ],
          "store_path": "/nix/store/gy18jsbpzjk83r8vx1dj4awbdsb5rncd-libbitcoin-explorer-3.8.0"
        },
        "x86_64-linux": {
          "outputs": [
            {
              "name": "out",
              "path": "/nix/store/3yfqc07jma4hn941ipxa43y2rz81l110-libbitcoin-explorer-3.8.0",
              "default": true
            }
          ],
          "store_path": "/nix/store/3yfqc07jma4hn941ipxa43y2rz81l110-libbitcoin-explorer-3.8.0"
        }
      }
    },
    "zig@0.11.0": {
      "last_modified": "2024-05-01T20:12:28Z",
      "resolved": "github:NixOS/nixpkgs/1c74cc292b61614e74c1cf0d372f79d57fb4936b#zig",
      "source": "devbox-search",
      "version": "0.11.0",
      "systems": {
        "aarch64-darwin": {
          "outputs": [
            {
              "name": "out",
              "path": "/nix/store/divv53p9wjrsqvi3g6v3c0vabvhcb3z3-zig-0.11.0",
              "default": true
            },
            {
              "name": "doc",
              "path": "/nix/store/6qw4l2a0swfmj60z31nfqbybic8k1mzn-zig-0.11.0-doc"
            }
          ],
          "store_path": "/nix/store/divv53p9wjrsqvi3g6v3c0vabvhcb3z3-zig-0.11.0"
        },
        "aarch64-linux": {
          "outputs": [
            {
              "name": "out",
              "path": "/nix/store/al318f1pzzz068qsc75vadhdpdn6ky94-zig-0.11.0",
              "default": true
            },
            {
              "name": "doc",
              "path": "/nix/store/c7lklr7ljizgvgs9yzn8vp19pnqjid01-zig-0.11.0-doc"
            }
          ],
          "store_path": "/nix/store/al318f1pzzz068qsc75vadhdpdn6ky94-zig-0.11.0"
        },
        "x86_64-darwin": {
          "outputs": [
            {
              "name": "out",
              "path": "/nix/store/ph224d02mxv0vm2x9771sw87j08i9g3h-zig-0.11.0",
              "default": true
            },
            {
              "name": "doc",
              "path": "/nix/store/06z33wmvqdvhydfanbwsckcfkisml0c6-zig-0.11.0-doc"
            }
          ],
          "store_path": "/nix/store/ph224d02mxv0vm2x9771sw87j08i9g3h-zig-0.11.0"
        },
        "x86_64-linux": {
          "outputs": [
            {
              "name": "out",
              "path": "/nix/store/n55qf67p9ss997aiz2m6xrhi34h9nkpz-zig-0.11.0",
              "default": true
            },
            {
              "name": "doc",
              "path": "/nix/store/2iipjnd3izphxpd1v7lbrjyc1pg2b30c-zig-0.11.0-doc"
            }
          ],
          "store_path": "/nix/store/n55qf67p9ss997aiz2m6xrhi34h9nkpz-zig-0.11.0"
        }
      }
    },
    "zls@0.11.0": {
      "last_modified": "2024-05-01T20:12:28Z",
      "resolved": "github:NixOS/nixpkgs/1c74cc292b61614e74c1cf0d372f79d57fb4936b#zls",
      "source": "devbox-search",
      "version": "0.11.0",
      "systems": {
        "aarch64-darwin": {
          "outputs": [
            {
              "name": "out",
              "path": "/nix/store/5s39fhwc1c9aj06q01xj6qi8w2az8jbr-zls-0.11.0",
              "default": true
            }
          ],
          "store_path": "/nix/store/5s39fhwc1c9aj06q01xj6qi8w2az8jbr-zls-0.11.0"
        },
        "aarch64-linux": {
          "outputs": [
            {
              "name": "out",
              "path": "/nix/store/kj30iw7fvs6vhsigaphhla3zlj5b4l0f-zls-0.11.0",
              "default": true
            }
          ],
          "store_path": "/nix/store/kj30iw7fvs6vhsigaphhla3zlj5b4l0f-zls-0.11.0"
        },
        "x86_64-darwin": {
          "outputs": [
            {
              "name": "out",
              "path": "/nix/store/i6m8fi0nd0afnlvr1c7iaxbn59546jik-zls-0.11.0",
              "default": true
            }
          ],
          "store_path": "/nix/store/i6m8fi0nd0afnlvr1c7iaxbn59546jik-zls-0.11.0"
        },
        "x86_64-linux": {
          "outputs": [
            {
              "name": "out",
              "path": "/nix/store/5a8ais58j8vi2502vimyzbbclvqi306v-zls-0.11.0",
              "default": true
            }
          ],
          "store_path": "/nix/store/5a8ais58j8vi2502vimyzbbclvqi306v-zls-0.11.0"
        }
      }
    }
  }
}
