{
  "lockfile_version": "1",
  "packages": {
    "zig@latest": {
      "last_modified": "2024-03-22T11:26:23Z",
      "resolved": "github:NixOS/nixpkgs/a3ed7406349a9335cb4c2a71369b697cecd9d351#zig",
      "source": "devbox-search",
      "version": "0.11.0",
      "systems": {
        "aarch64-darwin": {
          "outputs": [
            {
              "name": "out",
              "path": "/nix/store/rhdb7hmbszrl8g9rzb0s9d5l41wkknsp-zig-0.11.0",
              "default": true
            },
            {
              "name": "doc",
              "path": "/nix/store/a1gdrbwdvxrf3v0nzxkjr4pzjkqcbg87-zig-0.11.0-doc"
            }
          ],
          "store_path": "/nix/store/rhdb7hmbszrl8g9rzb0s9d5l41wkknsp-zig-0.11.0"
        },
        "aarch64-linux": {
          "outputs": [
            {
              "name": "out",
              "path": "/nix/store/i45wg0kan6f6mf5gs30x16dag3nc7gq9-zig-0.11.0",
              "default": true
            },
            {
              "name": "doc",
              "path": "/nix/store/ilrqsf4f8by2ljm2b9ndnzmr02qy0rrh-zig-0.11.0-doc"
            }
          ],
          "store_path": "/nix/store/i45wg0kan6f6mf5gs30x16dag3nc7gq9-zig-0.11.0"
        },
        "x86_64-darwin": {
          "outputs": [
            {
              "name": "out",
              "path": "/nix/store/5y63jp7yppwz82zzx8zb3dgw97imlffb-zig-0.11.0",
              "default": true
            },
            {
              "name": "doc",
              "path": "/nix/store/gz95m717j6ggx0l8bwn4rwf1pgrnp1bw-zig-0.11.0-doc"
            }
          ],
          "store_path": "/nix/store/5y63jp7yppwz82zzx8zb3dgw97imlffb-zig-0.11.0"
        },
        "x86_64-linux": {
          "outputs": [
            {
              "name": "out",
              "path": "/nix/store/c6ddcmrgzdhfh23y0j5pmqpj1ilfwi8a-zig-0.11.0",
              "default": true
            },
            {
              "name": "doc",
              "path": "/nix/store/ah8lxz7zz0pd7cmjw78ja0xy9wyflq4p-zig-0.11.0-doc"
            }
          ],
          "store_path": "/nix/store/c6ddcmrgzdhfh23y0j5pmqpj1ilfwi8a-zig-0.11.0"
        }
      }
    },
    "zls@latest": {
      "last_modified": "2024-03-22T11:26:23Z",
      "resolved": "github:NixOS/nixpkgs/a3ed7406349a9335cb4c2a71369b697cecd9d351#zls",
      "source": "devbox-search",
      "version": "0.11.0",
      "systems": {
        "aarch64-darwin": {
          "outputs": [
            {
              "name": "out",
              "path": "/nix/store/kj8rfy92mgi1hd6lm0639b07sdgjdjn6-zls-0.11.0",
              "default": true
            }
          ],
          "store_path": "/nix/store/kj8rfy92mgi1hd6lm0639b07sdgjdjn6-zls-0.11.0"
        },
        "aarch64-linux": {
          "outputs": [
            {
              "name": "out",
              "path": "/nix/store/ada5scwsfwip7v8c4akrwszrmifpgnlj-zls-0.11.0",
              "default": true
            }
          ],
          "store_path": "/nix/store/ada5scwsfwip7v8c4akrwszrmifpgnlj-zls-0.11.0"
        },
        "x86_64-darwin": {
          "outputs": [
            {
              "name": "out",
              "path": "/nix/store/x8jz18303vsxgjcbp8s91fqd4f8zij7c-zls-0.11.0",
              "default": true
            }
          ],
          "store_path": "/nix/store/x8jz18303vsxgjcbp8s91fqd4f8zij7c-zls-0.11.0"
        },
        "x86_64-linux": {
          "outputs": [
            {
              "name": "out",
              "path": "/nix/store/4l75bm01i27mckmawq9v1dhzbd6bq82p-zls-0.11.0",
              "default": true
            }
          ],
          "store_path": "/nix/store/4l75bm01i27mckmawq9v1dhzbd6bq82p-zls-0.11.0"
        }
      }
    }
  }
}
